{
  "name": "@lix-js/sdk-getting-started",
  "version": "0.0.0",
  "lockfileVersion": 3,
  "requires": true,
  "packages": {
    "": {
      "name": "@lix-js/sdk-getting-started",
      "version": "0.0.0",
      "dependencies": {
        "@lix-js/plugin-json": "1.0.0-preview.0",
        "@lix-js/sdk": "0.5.0-preview.0"
      },
      "devDependencies": {
        "typescript": "~5.7.2"
      }
    },
    "node_modules/@lit-labs/ssr-dom-shim": {
      "version": "1.3.0",
      "resolved": "https://registry.npmjs.org/@lit-labs/ssr-dom-shim/-/ssr-dom-shim-1.3.0.tgz",
      "integrity": "sha512-nQIWonJ6eFAvUUrSlwyHDm/aE8PBDu5kRpL0vHMg6K8fK3Diq1xdPjTnsJSwxABhaZ+5eBi1btQB5ShUTKo4nQ==",
      "license": "BSD-3-Clause"
    },
    "node_modules/@lit/reactive-element": {
      "version": "2.1.0",
      "resolved": "https://registry.npmjs.org/@lit/reactive-element/-/reactive-element-2.1.0.tgz",
      "integrity": "sha512-L2qyoZSQClcBmq0qajBVbhYEcG6iK0XfLn66ifLe/RfC0/ihpc+pl0Wdn8bJ8o+hj38cG0fGXRgSS20MuXn7qA==",
      "license": "BSD-3-Clause",
      "dependencies": {
        "@lit-labs/ssr-dom-shim": "^1.2.0"
      }
    },
    "node_modules/@lix-js/plugin-json": {
      "version": "1.0.0-preview.0",
      "resolved": "https://registry.npmjs.org/@lix-js/plugin-json/-/plugin-json-1.0.0-preview.0.tgz",
      "integrity": "sha512-X9XMGUHNeP3b358xQkK+vm4y9ueqbaXZc4eJ2350cr/g8MBytAM4LDDVeWyQEjcAp+DCxA4oorm02I+488Hhgw==",
      "license": "Apache-2.0",
      "dependencies": {
        "@lix-js/sdk": "0.5.0-preview.0",
        "flat": "^6.0.1",
        "lit": "^3.2.1"
      }
    },
    "node_modules/@lix-js/sdk": {
      "version": "0.5.0-preview.0",
      "resolved": "https://registry.npmjs.org/@lix-js/sdk/-/sdk-0.5.0-preview.0.tgz",
      "integrity": "sha512-86D103jzx6AQzr8XIlg1qn9K1aExKe44QZzeG0vNtFCwH4PZp+JGMZs8voa2enUM1q8/vvA0xY8NlisAvnfbnw==",
      "license": "Apache-2.0",
      "dependencies": {
        "@lix-js/server-protocol-schema": "0.1.1",
        "@opral/zettel-ast": "0.1.0",
        "ajv": "^8.17.1",
        "human-id": "^4.1.1",
        "kysely": "^0.27.4",
        "sqlite-wasm-kysely": "0.3.0",
        "uuid": "^10.0.0"
      },
      "engines": {
        "node": ">=18"
      }
    },
    "node_modules/@lix-js/server-protocol-schema": {
      "version": "0.1.1",
      "resolved": "https://registry.npmjs.org/@lix-js/server-protocol-schema/-/server-protocol-schema-0.1.1.tgz",
      "integrity": "sha512-jBeALB6prAbtr5q4vTuxnRZZv1M2rKe8iNqRQhFJ4Tv7150unEa0vKyz0hs8Gl3fUGsWaNJBh3J8++fpbrpRBQ==",
      "license": "Apache-2.0"
    },
    "node_modules/@opral/zettel-ast": {
      "version": "0.1.0",
      "resolved": "https://registry.npmjs.org/@opral/zettel-ast/-/zettel-ast-0.1.0.tgz",
      "integrity": "sha512-pZDiecYrpSxw7miv4ZSufCRB9sqFMXRa0Rf+LQcoEEh0VOBI6beOmvB+iXmWJ7vxMQINuS7yfsvm5ZyrTm/W5A==",
      "license": "MIT",
      "dependencies": {
        "@sinclair/typebox": "^0.34.33"
      },
      "engines": {
        "node": ">=20"
      }
    },
    "node_modules/@sinclair/typebox": {
      "version": "0.34.37",
      "resolved": "https://registry.npmjs.org/@sinclair/typebox/-/typebox-0.34.37.tgz",
      "integrity": "sha512-2TRuQVgQYfy+EzHRTIvkhv2ADEouJ2xNS/Vq+W5EuuewBdOrvATvljZTxHWZSTYr2sTjTHpGvucaGAt67S2akw==",
      "license": "MIT"
    },
    "node_modules/@sqlite.org/sqlite-wasm": {
      "version": "3.48.0-build4",
      "resolved": "https://registry.npmjs.org/@sqlite.org/sqlite-wasm/-/sqlite-wasm-3.48.0-build4.tgz",
      "integrity": "sha512-hI6twvUkzOmyGZhQMza1gpfqErZxXRw6JEsiVjUbo7tFanVD+8Oil0Ih3l2nGzHdxPI41zFmfUQG7GHqhciKZQ==",
      "license": "Apache-2.0",
      "bin": {
        "sqlite-wasm": "bin/index.js"
      }
    },
    "node_modules/@types/trusted-types": {
      "version": "2.0.7",
      "resolved": "https://registry.npmjs.org/@types/trusted-types/-/trusted-types-2.0.7.tgz",
      "integrity": "sha512-ScaPdn1dQczgbl0QFTeTOmVHFULt394XJgOQNoyVhZ6r2vLnMLJfBPd53SB52T/3G36VI1/g2MZaX0cwDuXsfw==",
      "license": "MIT"
    },
    "node_modules/ajv": {
      "version": "8.17.1",
      "resolved": "https://registry.npmjs.org/ajv/-/ajv-8.17.1.tgz",
      "integrity": "sha512-B/gBuNg5SiMTrPkC+A2+cW0RszwxYmn6VYxB/inlBStS5nx6xHIt/ehKRhIMhqusl7a8LjQoZnjCs5vhwxOQ1g==",
      "license": "MIT",
      "dependencies": {
        "fast-deep-equal": "^3.1.3",
        "fast-uri": "^3.0.1",
        "json-schema-traverse": "^1.0.0",
        "require-from-string": "^2.0.2"
      },
      "funding": {
        "type": "github",
        "url": "https://github.com/sponsors/epoberezkin"
      }
    },
    "node_modules/fast-deep-equal": {
      "version": "3.1.3",
      "resolved": "https://registry.npmjs.org/fast-deep-equal/-/fast-deep-equal-3.1.3.tgz",
      "integrity": "sha512-f3qQ9oQy9j2AhBe/H9VC91wLmKBCCU/gDOnKNAYG5hswO7BLKj09Hc5HYNz9cGI++xlpDCIgDaitVs03ATR84Q==",
      "license": "MIT"
    },
    "node_modules/fast-uri": {
      "version": "3.0.6",
      "resolved": "https://registry.npmjs.org/fast-uri/-/fast-uri-3.0.6.tgz",
      "integrity": "sha512-Atfo14OibSv5wAp4VWNsFYE1AchQRTv9cBGWET4pZWHzYshFSS9NQI6I57rdKn9croWVMbYFbLhJ+yJvmZIIHw==",
      "funding": [
        {
          "type": "github",
          "url": "https://github.com/sponsors/fastify"
        },
        {
          "type": "opencollective",
          "url": "https://opencollective.com/fastify"
        }
      ],
      "license": "BSD-3-Clause"
    },
    "node_modules/flat": {
      "version": "6.0.1",
      "resolved": "https://registry.npmjs.org/flat/-/flat-6.0.1.tgz",
      "integrity": "sha512-/3FfIa8mbrg3xE7+wAhWeV+bd7L2Mof+xtZb5dRDKZ+wDvYJK4WDYeIOuOhre5Yv5aQObZrlbRmk3RTSiuQBtw==",
      "license": "BSD-3-Clause",
      "bin": {
        "flat": "cli.js"
      },
      "engines": {
        "node": ">=18"
      }
    },
    "node_modules/human-id": {
      "version": "4.1.1",
      "resolved": "https://registry.npmjs.org/human-id/-/human-id-4.1.1.tgz",
      "integrity": "sha512-3gKm/gCSUipeLsRYZbbdA1BD83lBoWUkZ7G9VFrhWPAU76KwYo5KR8V28bpoPm/ygy0x5/GCbpRQdY7VLYCoIg==",
      "license": "MIT",
      "bin": {
        "human-id": "dist/cli.js"
      }
    },
    "node_modules/json-schema-traverse": {
      "version": "1.0.0",
      "resolved": "https://registry.npmjs.org/json-schema-traverse/-/json-schema-traverse-1.0.0.tgz",
      "integrity": "sha512-NM8/P9n3XjXhIZn1lLhkFaACTOURQXjWhV4BA/RnOv8xvgqtqpAX9IO4mRQxSx1Rlo4tqzeqb0sOlruaOy3dug==",
      "license": "MIT"
    },
    "node_modules/kysely": {
      "version": "0.27.6",
      "resolved": "https://registry.npmjs.org/kysely/-/kysely-0.27.6.tgz",
      "integrity": "sha512-FIyV/64EkKhJmjgC0g2hygpBv5RNWVPyNCqSAD7eTCv6eFWNIi4PN1UvdSJGicN/o35bnevgis4Y0UDC0qi8jQ==",
      "license": "MIT",
      "engines": {
        "node": ">=14.0.0"
      }
    },
    "node_modules/lit": {
      "version": "3.3.0",
      "resolved": "https://registry.npmjs.org/lit/-/lit-3.3.0.tgz",
      "integrity": "sha512-DGVsqsOIHBww2DqnuZzW7QsuCdahp50ojuDaBPC7jUDRpYoH0z7kHBBYZewRzer75FwtrkmkKk7iOAwSaWdBmw==",
      "license": "BSD-3-Clause",
      "dependencies": {
        "@lit/reactive-element": "^2.1.0",
        "lit-element": "^4.2.0",
        "lit-html": "^3.3.0"
      }
    },
    "node_modules/lit-element": {
      "version": "4.2.0",
      "resolved": "https://registry.npmjs.org/lit-element/-/lit-element-4.2.0.tgz",
      "integrity": "sha512-MGrXJVAI5x+Bfth/pU9Kst1iWID6GHDLEzFEnyULB/sFiRLgkd8NPK/PeeXxktA3T6EIIaq8U3KcbTU5XFcP2Q==",
      "license": "BSD-3-Clause",
      "dependencies": {
        "@lit-labs/ssr-dom-shim": "^1.2.0",
        "@lit/reactive-element": "^2.1.0",
        "lit-html": "^3.3.0"
      }
    },
    "node_modules/lit-html": {
      "version": "3.3.0",
      "resolved": "https://registry.npmjs.org/lit-html/-/lit-html-3.3.0.tgz",
      "integrity": "sha512-RHoswrFAxY2d8Cf2mm4OZ1DgzCoBKUKSPvA1fhtSELxUERq2aQQ2h05pO9j81gS1o7RIRJ+CePLogfyahwmynw==",
      "license": "BSD-3-Clause",
      "dependencies": {
        "@types/trusted-types": "^2.0.2"
      }
    },
    "node_modules/require-from-string": {
      "version": "2.0.2",
      "resolved": "https://registry.npmjs.org/require-from-string/-/require-from-string-2.0.2.tgz",
      "integrity": "sha512-Xf0nWe6RseziFMu+Ap9biiUbmplq6S9/p+7w7YXP/JBHhrUDDUhwa+vANyubuqfZWTveU//DYVGsDG7RKL/vEw==",
      "license": "MIT",
      "engines": {
        "node": ">=0.10.0"
      }
    },
    "node_modules/sqlite-wasm-kysely": {
      "version": "0.3.0",
      "resolved": "https://registry.npmjs.org/sqlite-wasm-kysely/-/sqlite-wasm-kysely-0.3.0.tgz",
      "integrity": "sha512-TzjBNv7KwRw6E3pdKdlRyZiTmUIE0UttT/Sl56MVwVARl/u5gp978KepazCJZewFUnlWHz9i3NQd4kOtP/Afdg==",
      "dependencies": {
        "@sqlite.org/sqlite-wasm": "^3.48.0-build2"
      },
      "peerDependencies": {
        "kysely": "*"
      }
    },
    "node_modules/typescript": {
      "version": "5.7.3",
      "resolved": "https://registry.npmjs.org/typescript/-/typescript-5.7.3.tgz",
      "integrity": "sha512-84MVSjMEHP+FQRPy3pX9sTVV/INIex71s9TL2Gm5FG/WG1SqXeKyZ0k7/blY/4FdOzI12CBy1vGc4og/eus0fw==",
      "dev": true,
      "bin": {
        "tsc": "bin/tsc",
        "tsserver": "bin/tsserver"
      },
      "engines": {
        "node": ">=14.17"
      }
    },
    "node_modules/uuid": {
      "version": "10.0.0",
      "resolved": "https://registry.npmjs.org/uuid/-/uuid-10.0.0.tgz",
      "integrity": "sha512-8XkAphELsDnEGrDxUOHB3RGvXz6TeuYSGEZBOjtTtPm2lwhGBjLgOzLHB63IUWfBpNucQjND6d3AOudO+H3RWQ==",
      "funding": [
        "https://github.com/sponsors/broofa",
        "https://github.com/sponsors/ctavan"
      ],
      "license": "MIT",
      "bin": {
        "uuid": "dist/bin/uuid"
      }
    }
  }
}
